# THIS IS AN AUTOGENERATED FILE. DO NOT EDIT THIS FILE DIRECTLY.
# yarn lockfile v1


config_default@^1.0.0:
  version "1.0.0"
  resolved "https://registry.yarnpkg.com/config_default/-/config_default-1.0.0.tgz#d044954dcd6292f6e6defa13a09d2841ddcb5d1c"
  integrity sha512-aV+LqwcVv8l50bmmz2aPF0+38jAV/3dG62rOAf01kflOzJbWrRjx5pL7D70J0XM7ilX3ZJosodVNl8vF2xSGYA==
  dependencies:
    dotenv "^8.2.0"

dotenv@^8.2.0:
  version "8.2.0"
  resolved "https://registry.yarnpkg.com/dotenv/-/dotenv-8.2.0.tgz#97e619259ada750eea3e4ea3e26bceea5424b16a"
  integrity sha512-8sJ78ElpbDJBHNeBzUbUVLsqKdccaa/BXF1uPTw3GrvQTBgrQrtObr2mUrE38vzYd8cEv+m/JBfDLioYcfXoaw==
